
Microsoft Visual Studio Solution File, Format Version 12.00
# Visual Studio 15
VisualStudioVersion = 15.0.27703.2042
MinimumVisualStudioVersion = 10.0.40219.1
Project("{FAE04EC0-301F-11D3-BF4B-00C04F79EFBC}") = "UobFormPrototype02", "UobFormPrototype02\UobFormPrototype02.csproj", "{B6215AA1-2D4B-4CC0-B30B-CFBE60016362}"
EndProject
Global
	GlobalSection(SolutionConfigurationPlatforms) = preSolution
		Debug|Any CPU = Debug|Any CPU
		Release|Any CPU = Release|Any CPU
	EndGlobalSection
	GlobalSection(ProjectConfigurationPlatforms) = postSolution
		{B6215AA1-2D4B-4CC0-B30B-CFBE60016362}.Debug|Any CPU.ActiveCfg = Debug|Any CPU
		{B6215AA1-2D4B-4CC0-B30B-CFBE60016362}.Debug|Any CPU.Build.0 = Debug|Any CPU
		{B6215AA1-2D4B-4CC0-B30B-CFBE60016362}.Release|Any CPU.ActiveCfg = Release|Any CPU
		{B6215AA1-2D4B-4CC0-B30B-CFBE60016362}.Release|Any CPU.Build.0 = Release|Any CPU
	EndGlobalSection
	GlobalSection(SolutionProperties) = preSolution
		HideSolutionNode = FALSE
	EndGlobalSection
	GlobalSection(ExtensibilityGlobals) = postSolution
		SolutionGuid = {AC7531BF-0D09-4A28-91BF-13562520BA6C}
	EndGlobalSection
EndGlobal
